
Microsoft Visual Studio Solution File, Format Version 12.00
# Visual Studio Version 16
VisualStudioVersion = 16.0.28803.202
MinimumVisualStudioVersion = 10.0.40219.1
Project("{9A19103F-16F7-4668-BE54-9A1E7A4F7556}") = "CognitivePipeline.Functions", "CognitivePipeline.Functions\CognitivePipeline.Functions.csproj", "{625AA1B6-2B48-4C35-BC8F-0974C176DD76}"
EndProject
Global
	GlobalSection(SolutionConfigurationPlatforms) = preSolution
		Debug|Any CPU = Debug|Any CPU
		Release|Any CPU = Release|Any CPU
	EndGlobalSection
	GlobalSection(ProjectConfigurationPlatforms) = postSolution
		{625AA1B6-2B48-4C35-BC8F-0974C176DD76}.Debug|Any CPU.ActiveCfg = Debug|Any CPU
		{625AA1B6-2B48-4C35-BC8F-0974C176DD76}.Debug|Any CPU.Build.0 = Debug|Any CPU
		{625AA1B6-2B48-4C35-BC8F-0974C176DD76}.Release|Any CPU.ActiveCfg = Release|Any CPU
		{625AA1B6-2B48-4C35-BC8F-0974C176DD76}.Release|Any CPU.Build.0 = Release|Any CPU
	EndGlobalSection
	GlobalSection(SolutionProperties) = preSolution
		HideSolutionNode = FALSE
	EndGlobalSection
	GlobalSection(ExtensibilityGlobals) = postSolution
		SolutionGuid = {AA9138E4-5377-4EAE-B18E-F1945C1B662A}
	EndGlobalSection
EndGlobal
